
Microsoft Visual Studio Solution File, Format Version 12.00
# Visual Studio Version 16
VisualStudioVersion = 16.0.33423.256
MinimumVisualStudioVersion = 10.0.40219.1
Project("{FAE04EC0-301F-11D3-BF4B-00C04F79EFBC}") = "ProductsApp", "ProductsApp.csproj", "{88216A32-7344-4420-A748-CB4F2AFC78E9}"
EndProject
Project("{FAE04EC0-301F-11D3-BF4B-00C04F79EFBC}") = "StoreApp.Tests", "..\StoreApp.Tests\StoreApp.Tests.csproj", "{02D6383C-D30D-4F7A-AC74-4EF2562CA6F9}"
EndProject
Global
	GlobalSection(SolutionConfigurationPlatforms) = preSolution
		Debug|Any CPU = Debug|Any CPU
		Release|Any CPU = Release|Any CPU
	EndGlobalSection
	GlobalSection(ProjectConfigurationPlatforms) = postSolution
		{88216A32-7344-4420-A748-CB4F2AFC78E9}.Debug|Any CPU.ActiveCfg = Debug|Any CPU
		{88216A32-7344-4420-A748-CB4F2AFC78E9}.Debug|Any CPU.Build.0 = Debug|Any CPU
		{88216A32-7344-4420-A748-CB4F2AFC78E9}.Release|Any CPU.ActiveCfg = Release|Any CPU
		{88216A32-7344-4420-A748-CB4F2AFC78E9}.Release|Any CPU.Build.0 = Release|Any CPU
		{02D6383C-D30D-4F7A-AC74-4EF2562CA6F9}.Debug|Any CPU.ActiveCfg = Debug|Any CPU
		{02D6383C-D30D-4F7A-AC74-4EF2562CA6F9}.Debug|Any CPU.Build.0 = Debug|Any CPU
		{02D6383C-D30D-4F7A-AC74-4EF2562CA6F9}.Release|Any CPU.ActiveCfg = Release|Any CPU
		{02D6383C-D30D-4F7A-AC74-4EF2562CA6F9}.Release|Any CPU.Build.0 = Release|Any CPU
	EndGlobalSection
	GlobalSection(SolutionProperties) = preSolution
		HideSolutionNode = FALSE
	EndGlobalSection
	GlobalSection(ExtensibilityGlobals) = postSolution
		SolutionGuid = {EB34A3E1-3A69-4CB2-972D-F2A27B81D0FE}
	EndGlobalSection
EndGlobal
